
Microsoft Visual Studio Solution File, Format Version 12.00
# Visual Studio Version 17
VisualStudioVersion = 17.8.34330.188
MinimumVisualStudioVersion = 10.0.40219.1
Project("{FAE04EC0-301F-11D3-BF4B-00C04F79EFBC}") = "MacroVentasEnterprise", "MacroVentasEnterprise\MacroVentasEnterprise.csproj", "{333BC363-CDE5-4400-BB46-CDBE72C238B1}"
EndProject
Global
	GlobalSection(SolutionConfigurationPlatforms) = preSolution
		Debug|Any CPU = Debug|Any CPU
		Release|Any CPU = Release|Any CPU
	EndGlobalSection
	GlobalSection(ProjectConfigurationPlatforms) = postSolution
		{333BC363-CDE5-4400-BB46-CDBE72C238B1}.Debug|Any CPU.ActiveCfg = Debug|Any CPU
		{333BC363-CDE5-4400-BB46-CDBE72C238B1}.Debug|Any CPU.Build.0 = Debug|Any CPU
		{333BC363-CDE5-4400-BB46-CDBE72C238B1}.Release|Any CPU.ActiveCfg = Release|Any CPU
		{333BC363-CDE5-4400-BB46-CDBE72C238B1}.Release|Any CPU.Build.0 = Release|Any CPU
	EndGlobalSection
	GlobalSection(SolutionProperties) = preSolution
		HideSolutionNode = FALSE
	EndGlobalSection
	GlobalSection(ExtensibilityGlobals) = postSolution
		SolutionGuid = {B71CAD5B-EC33-4A9B-8CF2-C438A0D88C46}
	EndGlobalSection
EndGlobal
